Microsoft Visual Studio Solution File, Format Version 8.00
Project("{8BC9CEB8-8B4A-11D0-8D11-00A0C91BC942}") = "CoreServer", "CoreServer.vcproj", "{F1F9A046-79C0-4058-ACBA-1FC2B59F8845}"
	ProjectSection(ProjectDependencies) = postProject
	EndProjectSection
EndProject
Global
	GlobalSection(SolutionConfiguration) = preSolution
		Debug = Debug
		Release = Release
	EndGlobalSection
	GlobalSection(ProjectConfiguration) = postSolution
		{F1F9A046-79C0-4058-ACBA-1FC2B59F8845}.Debug.ActiveCfg = Debug|Win32
		{F1F9A046-79C0-4058-ACBA-1FC2B59F8845}.Debug.Build.0 = Debug|Win32
		{F1F9A046-79C0-4058-ACBA-1FC2B59F8845}.Release.ActiveCfg = Release|Win32
		{F1F9A046-79C0-4058-ACBA-1FC2B59F8845}.Release.Build.0 = Release|Win32
	EndGlobalSection
	GlobalSection(ExtensibilityGlobals) = postSolution
	EndGlobalSection
	GlobalSection(ExtensibilityAddIns) = postSolution
	EndGlobalSection
EndGlobal
